
Microsoft Visual Studio Solution File, Format Version 12.00
# Visual Studio 15
VisualStudioVersion = 15.0.27428.2027
MinimumVisualStudioVersion = 10.0.40219.1
Project("{FAE04EC0-301F-11D3-BF4B-00C04F79EFBC}") = "BankApp", "BankApp\BankApp.csproj", "{A186DDD8-EBCF-4546-AE1C-D4DCDD663449}"
EndProject
Global
	GlobalSection(SolutionConfigurationPlatforms) = preSolution
		Debug|Any CPU = Debug|Any CPU
		Release|Any CPU = Release|Any CPU
	EndGlobalSection
	GlobalSection(ProjectConfigurationPlatforms) = postSolution
		{A186DDD8-EBCF-4546-AE1C-D4DCDD663449}.Debug|Any CPU.ActiveCfg = Debug|Any CPU
		{A186DDD8-EBCF-4546-AE1C-D4DCDD663449}.Debug|Any CPU.Build.0 = Debug|Any CPU
		{A186DDD8-EBCF-4546-AE1C-D4DCDD663449}.Release|Any CPU.ActiveCfg = Release|Any CPU
		{A186DDD8-EBCF-4546-AE1C-D4DCDD663449}.Release|Any CPU.Build.0 = Release|Any CPU
	EndGlobalSection
	GlobalSection(SolutionProperties) = preSolution
		HideSolutionNode = FALSE
	EndGlobalSection
	GlobalSection(ExtensibilityGlobals) = postSolution
		SolutionGuid = {F008E40B-9754-4647-AEC8-3AB77DF077C3}
	EndGlobalSection
EndGlobal
